[[package]]
name = "n64-quickstart"
version = "0.1.0"
dependencies = [
 "panic-halt 0.2.0 (registry+https://github.com/rust-lang/crates.io-index)",
 "rs64-periph 0.1.0 (registry+https://github.com/rust-lang/crates.io-index)",
 "rs64-rt 0.1.0 (registry+https://github.com/rust-lang/crates.io-index)",
 "volatile 0.2.4 (registry+https://github.com/rust-lang/crates.io-index)",
]

[[package]]
name = "panic-halt"
version = "0.2.0"
source = "registry+https://github.com/rust-lang/crates.io-index"

[[package]]
name = "rs64-periph"
version = "0.1.0"
source = "registry+https://github.com/rust-lang/crates.io-index"
dependencies = [
 "volatile 0.2.4 (registry+https://github.com/rust-lang/crates.io-index)",
]

[[package]]
name = "rs64-rt"
version = "0.1.0"
source = "registry+https://github.com/rust-lang/crates.io-index"
dependencies = [
 "rs64-periph 0.1.0 (registry+https://github.com/rust-lang/crates.io-index)",
]

[[package]]
name = "volatile"
version = "0.2.4"
source = "registry+https://github.com/rust-lang/crates.io-index"

[metadata]
"checksum panic-halt 0.2.0 (registry+https://github.com/rust-lang/crates.io-index)" = "de96540e0ebde571dc55c73d60ef407c653844e6f9a1e2fdbd40c07b9252d812"
"checksum rs64-periph 0.1.0 (registry+https://github.com/rust-lang/crates.io-index)" = "212dec65d1a6b4d6143cc559727ad133b57922047c08191c44dc62aa6be1f0e1"
"checksum rs64-rt 0.1.0 (registry+https://github.com/rust-lang/crates.io-index)" = "7062930a650eebbc7c45ea44a04b33abf61b3d22aa5b405cf94948c8fa699439"
"checksum volatile 0.2.4 (registry+https://github.com/rust-lang/crates.io-index)" = "54d4343a2df2d65144a874f95950754ee7b7e8594f6027aae8c7d0f4858a3fe8"
